
Microsoft Visual Studio Solution File, Format Version 12.00
# Visual Studio Version 17
VisualStudioVersion = 17.14.35906.104
MinimumVisualStudioVersion = 10.0.40219.1
Project("{2150E333-8FDC-42A3-9474-1A3956D46DE8}") = "解决方案项", "解决方案项", "{9FA3D6BD-1EC1-3BA5-80CB-CE02773A58D5}"
	ProjectSection(SolutionItems) = preProject
		.gitignore = .gitignore
		LICENSE = LICENSE
		README.md = README.md
	EndProjectSection
EndProject
Project("{2150E333-8FDC-42A3-9474-1A3956D46DE8}") = "Author", "Author", "{A2CAE83B-64FD-9C88-48E7-995F37F8EEEC}"
	ProjectSection(SolutionItems) = preProject
		Author\https___github.com_lornshrimp.png = Author\https___github.com_lornshrimp.png
		Author\https___item.jd.com_14795878.html.png = Author\https___item.jd.com_14795878.html.png
		Author\作者简历.md = Author\作者简历.md
		Author\微信二维码.jpg = Author\微信二维码.jpg
		Author\微信公众号二维码.png = Author\微信公众号二维码.png
	EndProjectSection
EndProject
Project("{2150E333-8FDC-42A3-9474-1A3956D46DE8}") = "docs_ProductDesign", "docs_ProductDesign", "{518E739E-0AF9-1B82-3F58-035671D6D7BE}"
	ProjectSection(SolutionItems) = preProject
		docs_ProductDesign\BusinessProcessFlow.md = docs_ProductDesign\BusinessProcessFlow.md
		docs_ProductDesign\CoreBusinessObjects.md = docs_ProductDesign\CoreBusinessObjects.md
		docs_ProductDesign\DevelopmentPriorities.md = docs_ProductDesign\DevelopmentPriorities.md
		docs_ProductDesign\LLMManagement.md = docs_ProductDesign\LLMManagement.md
		docs_ProductDesign\MCPConfiguration.md = docs_ProductDesign\MCPConfiguration.md
		docs_ProductDesign\ModuleFunctionList.md = docs_ProductDesign\ModuleFunctionList.md
		docs_ProductDesign\PersistentDataStructureDesign.md = docs_ProductDesign\PersistentDataStructureDesign.md
		docs_ProductDesign\ReportGenerationScenario.md = docs_ProductDesign\ReportGenerationScenario.md
		docs_ProductDesign\WebDataAnalysisScenario.md = docs_ProductDesign\WebDataAnalysisScenario.md
	EndProjectSection
EndProject
Project("{2150E333-8FDC-42A3-9474-1A3956D46DE8}") = "Director调度引擎", "Director调度引擎", "{0E36DDFA-7054-1179-F5D5-BF4A7887949A}"
	ProjectSection(SolutionItems) = preProject
		docs_ProductDesign\Director调度引擎\BusinessObjects.md = docs_ProductDesign\Director调度引擎\BusinessObjects.md
		docs_ProductDesign\Director调度引擎\InterfaceDesign.md = docs_ProductDesign\Director调度引擎\InterfaceDesign.md
		docs_ProductDesign\Director调度引擎\README.md = docs_ProductDesign\Director调度引擎\README.md
	EndProjectSection
EndProject
Project("{2150E333-8FDC-42A3-9474-1A3956D46DE8}") = "docs_ProjectManage", "docs_ProjectManage", "{E9CF29E0-EB03-41D9-BAF9-ED753ED7EFBD}"
	ProjectSection(SolutionItems) = preProject
		docs_ProjectManage\ProjectGanttChart.md = docs_ProjectManage\ProjectGanttChart.md
		docs_ProjectManage\ProjectTaskBreakdown.md = docs_ProjectManage\ProjectTaskBreakdown.md
		docs_ProjectManage\ProjectWorkItems.md = docs_ProjectManage\ProjectWorkItems.md
		docs_ProjectManage\README.md = docs_ProjectManage\README.md
		docs_ProjectManage\RiskManagementPlan.md = docs_ProjectManage\RiskManagementPlan.md
	EndProjectSection
EndProject
Project("{2150E333-8FDC-42A3-9474-1A3956D46DE8}") = "docs_TecDesign", "docs_TecDesign", "{A6AE2BB0-378D-1E31-3FE0-7DAF5035C67B}"
	ProjectSection(SolutionItems) = preProject
		docs_TecDesign\DataAccessLayerDesign.md = docs_TecDesign\DataAccessLayerDesign.md
		docs_TecDesign\DirectorEngineDesign.md = docs_TecDesign\DirectorEngineDesign.md
		docs_TecDesign\LLMAdapterDesign.md = docs_TecDesign\LLMAdapterDesign.md
		docs_TecDesign\MCPProtocolEngineDesign.md = docs_TecDesign\MCPProtocolEngineDesign.md
		docs_TecDesign\PersistentDataStructureDesign.md = docs_TecDesign\PersistentDataStructureDesign.md
		docs_TecDesign\TechnicalArchitecture.md = docs_TecDesign\TechnicalArchitecture.md
		docs_TecDesign\WorkflowEngineDesign.md = docs_TecDesign\WorkflowEngineDesign.md
	EndProjectSection
EndProject
Project("{2150E333-8FDC-42A3-9474-1A3956D46DE8}") = "Domain", "Domain", "{996CEBED-A05B-5D42-3FF0-982E087A2599}"
EndProject
Project("{2150E333-8FDC-42A3-9474-1A3956D46DE8}") = "Infrastructure", "Infrastructure", "{DFEE68D8-A7D0-1A41-506C-9B74AA9A7B7B}"
EndProject
Project("{2150E333-8FDC-42A3-9474-1A3956D46DE8}") = "Presentation", "Presentation", "{06CFFD70-14AA-A959-A3BA-1B15D094E3B1}"
EndProject
Project("{2150E333-8FDC-42A3-9474-1A3956D46DE8}") = "Application", "Application", "{A74F262E-BDE7-D5D2-89E9-785413424D0A}"
EndProject
Project("{2150E333-8FDC-42A3-9474-1A3956D46DE8}") = "Agents", "Agents", "{B33F7F66-95C7-97AE-2462-F6D15419E3EF}"
EndProject
Project("{2150E333-8FDC-42A3-9474-1A3956D46DE8}") = "Shared", "Shared", "{4F52FD11-658E-A102-6CD3-7D7C16FFA15B}"
EndProject
Project("{FAE04EC0-301F-11D3-BF4B-00C04F79EFBC}") = "Lorn.OpenAgenticAI.Domain.Models", "Domain\Lorn.OpenAgenticAI.Domain.Models\Lorn.OpenAgenticAI.Domain.Models.csproj", "{396F7D46-11B3-4304-BBC4-6ACF2122E7F6}"
EndProject
Project("{FAE04EC0-301F-11D3-BF4B-00C04F79EFBC}") = "Lorn.OpenAgenticAI.Domain.Contracts", "Domain\Lorn.OpenAgenticAI.Domain.Contracts\Lorn.OpenAgenticAI.Domain.Contracts.csproj", "{574168B7-6D4E-4D06-93A6-C7703FAA7DA8}"
EndProject
Project("{FAE04EC0-301F-11D3-BF4B-00C04F79EFBC}") = "Lorn.OpenAgenticAI.Infrastructure.Data", "Infrastructure\Lorn.OpenAgenticAI.Infrastructure.Data\Lorn.OpenAgenticAI.Infrastructure.Data.csproj", "{A11C044C-6DE1-444B-8356-EB83E751687F}"
EndProject
Project("{FAE04EC0-301F-11D3-BF4B-00C04F79EFBC}") = "Lorn.OpenAgenticAI.Infrastructure.Data.Repositorie", "Infrastructure\Lorn.OpenAgenticAI.Infrastructure.Data.Repositorie\Lorn.OpenAgenticAI.Infrastructure.Data.Repositorie.csproj", "{55D87D98-183C-4DF3-9435-6C0950A5DFD1}"
EndProject
Project("{9A19103F-16F7-4668-BE54-9A1E7A4F7556}") = "Lorn.OpenAgenticAI.Infrastructure.Data.Sqlite", "Infrastructure\Lorn.OpenAgenticAI.Infrastructure.Data.Sqlite\Lorn.OpenAgenticAI.Infrastructure.Data.Sqlite.csproj", "{D527F9CA-559C-49F6-4160-2B5C3AF98A73}"
EndProject
Project("{FAE04EC0-301F-11D3-BF4B-00C04F79EFBC}") = "Lorn.OpenAgenticAI.Shared.Contracts", "Shared\Lorn.OpenAgenticAI.Shared.Contracts\Lorn.OpenAgenticAI.Shared.Contracts.csproj", "{8A232A9D-A506-40DC-9823-4C9EFBDD5C17}"
EndProject
Global
	GlobalSection(SolutionConfigurationPlatforms) = preSolution
		Debug|Any CPU = Debug|Any CPU
		Release|Any CPU = Release|Any CPU
	EndGlobalSection
	GlobalSection(ProjectConfigurationPlatforms) = postSolution
		{396F7D46-11B3-4304-BBC4-6ACF2122E7F6}.Debug|Any CPU.ActiveCfg = Debug|Any CPU
		{396F7D46-11B3-4304-BBC4-6ACF2122E7F6}.Debug|Any CPU.Build.0 = Debug|Any CPU
		{396F7D46-11B3-4304-BBC4-6ACF2122E7F6}.Release|Any CPU.ActiveCfg = Release|Any CPU
		{396F7D46-11B3-4304-BBC4-6ACF2122E7F6}.Release|Any CPU.Build.0 = Release|Any CPU
		{574168B7-6D4E-4D06-93A6-C7703FAA7DA8}.Debug|Any CPU.ActiveCfg = Debug|Any CPU
		{574168B7-6D4E-4D06-93A6-C7703FAA7DA8}.Debug|Any CPU.Build.0 = Debug|Any CPU
		{574168B7-6D4E-4D06-93A6-C7703FAA7DA8}.Release|Any CPU.ActiveCfg = Release|Any CPU
		{574168B7-6D4E-4D06-93A6-C7703FAA7DA8}.Release|Any CPU.Build.0 = Release|Any CPU
		{A11C044C-6DE1-444B-8356-EB83E751687F}.Debug|Any CPU.ActiveCfg = Debug|Any CPU
		{A11C044C-6DE1-444B-8356-EB83E751687F}.Debug|Any CPU.Build.0 = Debug|Any CPU
		{A11C044C-6DE1-444B-8356-EB83E751687F}.Release|Any CPU.ActiveCfg = Release|Any CPU
		{A11C044C-6DE1-444B-8356-EB83E751687F}.Release|Any CPU.Build.0 = Release|Any CPU
		{55D87D98-183C-4DF3-9435-6C0950A5DFD1}.Debug|Any CPU.ActiveCfg = Debug|Any CPU
		{55D87D98-183C-4DF3-9435-6C0950A5DFD1}.Debug|Any CPU.Build.0 = Debug|Any CPU
		{55D87D98-183C-4DF3-9435-6C0950A5DFD1}.Release|Any CPU.ActiveCfg = Release|Any CPU
		{55D87D98-183C-4DF3-9435-6C0950A5DFD1}.Release|Any CPU.Build.0 = Release|Any CPU
		{D527F9CA-559C-49F6-4160-2B5C3AF98A73}.Debug|Any CPU.ActiveCfg = Debug|Any CPU
		{D527F9CA-559C-49F6-4160-2B5C3AF98A73}.Debug|Any CPU.Build.0 = Debug|Any CPU
		{D527F9CA-559C-49F6-4160-2B5C3AF98A73}.Release|Any CPU.ActiveCfg = Release|Any CPU
		{D527F9CA-559C-49F6-4160-2B5C3AF98A73}.Release|Any CPU.Build.0 = Release|Any CPU
		{8A232A9D-A506-40DC-9823-4C9EFBDD5C17}.Debug|Any CPU.ActiveCfg = Debug|Any CPU
		{8A232A9D-A506-40DC-9823-4C9EFBDD5C17}.Debug|Any CPU.Build.0 = Debug|Any CPU
		{8A232A9D-A506-40DC-9823-4C9EFBDD5C17}.Release|Any CPU.ActiveCfg = Release|Any CPU
		{8A232A9D-A506-40DC-9823-4C9EFBDD5C17}.Release|Any CPU.Build.0 = Release|Any CPU
	EndGlobalSection
	GlobalSection(SolutionProperties) = preSolution
		HideSolutionNode = FALSE
	EndGlobalSection
	GlobalSection(NestedProjects) = preSolution
		{0E36DDFA-7054-1179-F5D5-BF4A7887949A} = {518E739E-0AF9-1B82-3F58-035671D6D7BE}
		{396F7D46-11B3-4304-BBC4-6ACF2122E7F6} = {996CEBED-A05B-5D42-3FF0-982E087A2599}
		{574168B7-6D4E-4D06-93A6-C7703FAA7DA8} = {996CEBED-A05B-5D42-3FF0-982E087A2599}
		{A11C044C-6DE1-444B-8356-EB83E751687F} = {DFEE68D8-A7D0-1A41-506C-9B74AA9A7B7B}
		{55D87D98-183C-4DF3-9435-6C0950A5DFD1} = {DFEE68D8-A7D0-1A41-506C-9B74AA9A7B7B}
		{D527F9CA-559C-49F6-4160-2B5C3AF98A73} = {DFEE68D8-A7D0-1A41-506C-9B74AA9A7B7B}
	EndGlobalSection
	GlobalSection(ExtensibilityGlobals) = postSolution
		SolutionGuid = {4CA1D927-5DEF-4DF9-9A04-FB9E61983FAD}
	EndGlobalSection
EndGlobal
